{
  "name": "@hugov/correl-range2",
  "version": "0.2.0",
  "lockfileVersion": 3,
  "requires": true,
  "packages": {
    "": {
      "name": "@hugov/correl-range2",
      "version": "0.2.0",
      "license": "MIT",
      "dependencies": {
        "@hugov/byte-views": "^0.1.0",
        "@hugov/metanorm": "^0.5.0",
        "lazy-stats": "^4.3.0",
        "norm-dist": "^3.1.0",
        "sample-distribution": "^1.8.0"
      },
      "devDependencies": {
        "@types/node": "^22.15.24",
        "assert-op": "^1.2.0"
      }
    },
    "node_modules/@hugov/byte-views": {
      "version": "0.1.0",
      "resolved": "https://registry.npmjs.org/@hugov/byte-views/-/byte-views-0.1.0.tgz",
      "integrity": "sha512-UcA+PDviovQSEWiKtuZN25x0cxtsmfy5N54qYxnPmQueSUZMg+GT2GeRG2wLN4AkSsy8c3RZg+YAbR7epujA2Q=="
    },
    "node_modules/@hugov/metanorm": {
      "version": "0.5.0",
      "resolved": "https://registry.npmjs.org/@hugov/metanorm/-/metanorm-0.5.0.tgz",
      "integrity": "sha512-kxw+6q4nc+WFAkJ1HexpXyTstZVCsaGk/No2MtkZKEYatd0UQVPxkSCfqF2HvQE8jMKJudd2Oa7fqKRkXkTRhw==",
      "dependencies": {
        "norm-dist": "^3.1.0"
      }
    },
    "node_modules/@types/node": {
      "version": "22.15.24",
      "resolved": "https://registry.npmjs.org/@types/node/-/node-22.15.24.tgz",
      "integrity": "sha512-w9CZGm9RDjzTh/D+hFwlBJ3ziUaVw7oufKA3vOFSOZlzmW9AkZnfjPb+DLnrV6qtgL/LNmP0/2zBNCFHL3F0ng==",
      "dev": true,
      "dependencies": {
        "undici-types": "~6.21.0"
      }
    },
    "node_modules/assert-op": {
      "version": "1.2.0",
      "resolved": "https://registry.npmjs.org/assert-op/-/assert-op-1.2.0.tgz",
      "integrity": "sha512-s/dYgBihn8VD/8SiYBJ9U3jlQLu3BFL2oZ/+fF3CQTIW9zhJkUFUkOT5ig9V5oepYIq+Eyyms8hIdcB4a5I0hg==",
      "dev": true
    },
    "node_modules/lazy-stats": {
      "version": "4.3.0",
      "resolved": "https://registry.npmjs.org/lazy-stats/-/lazy-stats-4.3.0.tgz",
      "integrity": "sha512-RZ9JBLQJvs+Vdbj/FYnnupt4x4RfDHNx1Br8B79pv7v4Zb0/RgQmVnodIwu+NfiqcVQJIzZ7Q3No8XuBTmXBcA==",
      "dependencies": {
        "@hugov/byte-views": "^0.1.0"
      }
    },
    "node_modules/norm-dist": {
      "version": "3.1.0",
      "resolved": "https://registry.npmjs.org/norm-dist/-/norm-dist-3.1.0.tgz",
      "integrity": "sha512-Bd1Kb0Qx5eWjNxft8gWwjqTCi7LI7kvsQb3fT+JbOj++3B4mZWiOt8fpgQ8LJF+/zvT05b2HHk9EKjkqzpsD/w=="
    },
    "node_modules/sample-distribution": {
      "version": "1.8.0",
      "resolved": "https://registry.npmjs.org/sample-distribution/-/sample-distribution-1.8.0.tgz",
      "integrity": "sha512-1NTJUjZ23Q5e/j1uKie4PyJfbWSRV5VRmT49WPUjCMAHuvQ1j6PyDJFBqwuOl7+p0q4YP9alcPCeI+PzjVfY/w=="
    },
    "node_modules/undici-types": {
      "version": "6.21.0",
      "resolved": "https://registry.npmjs.org/undici-types/-/undici-types-6.21.0.tgz",
      "integrity": "sha512-iwDZqg0QAGrg9Rav5H4n0M64c3mkR59cJ6wQp+7C4nI0gsmExaedaYLNO44eT4AtBBwjbTiGPMlt2Md0T9H9JQ==",
      "dev": true
    }
  }
}
